// !$*UTF8*$!
{
	archiveVersion = 1;
	classes = {
	};
	objectVersion = 56;
	objects = {

/* Begin PBXBuildFile section */
		5559BF552B35353800088ECF /* hoodoo_grimoireApp.swift in Sources */ = {isa = PBXBuildFile; fileRef = 5559BF542B35353800088ECF /* hoodoo_grimoireApp.swift */; };
		5559BF572B35353800088ECF /* RootView.swift in Sources */ = {isa = PBXBuildFile; fileRef = 5559BF562B35353800088ECF /* RootView.swift */; };
		5559BF592B35353A00088ECF /* Assets.xcassets in Resources */ = {isa = PBXBuildFile; fileRef = 5559BF582B35353A00088ECF /* Assets.xcassets */; };
		5559BF5C2B35353A00088ECF /* Preview Assets.xcassets in Resources */ = {isa = PBXBuildFile; fileRef = 5559BF5B2B35353A00088ECF /* Preview Assets.xcassets */; };
		5559BF652B3535D700088ECF /* CustomTabBar.swift in Sources */ = {isa = PBXBuildFile; fileRef = 5559BF642B3535D700088ECF /* CustomTabBar.swift */; };
		55F10FD82B36442300A09650 /* GoogleService-Info.plist in Resources */ = {isa = PBXBuildFile; fileRef = 55F10FD72B36442200A09650 /* GoogleService-Info.plist */; };
		55F10FDB2B3644A000A09650 /* FirebaseAnalytics in Frameworks */ = {isa = PBXBuildFile; productRef = 55F10FDA2B3644A000A09650 /* FirebaseAnalytics */; };
		55F10FDD2B3644A000A09650 /* FirebaseAnalyticsOnDeviceConversion in Frameworks */ = {isa = PBXBuildFile; productRef = 55F10FDC2B3644A000A09650 /* FirebaseAnalyticsOnDeviceConversion */; };
		55F10FDF2B3644A000A09650 /* FirebaseAnalyticsSwift in Frameworks */ = {isa = PBXBuildFile; productRef = 55F10FDE2B3644A000A09650 /* FirebaseAnalyticsSwift */; };
		55F10FE12B3644A000A09650 /* FirebaseAnalyticsWithoutAdIdSupport in Frameworks */ = {isa = PBXBuildFile; productRef = 55F10FE02B3644A000A09650 /* FirebaseAnalyticsWithoutAdIdSupport */; };
		55F10FE32B3644A000A09650 /* FirebaseAppCheck in Frameworks */ = {isa = PBXBuildFile; productRef = 55F10FE22B3644A000A09650 /* FirebaseAppCheck */; };
		55F10FE52B3644A000A09650 /* FirebaseAppDistribution-Beta in Frameworks */ = {isa = PBXBuildFile; productRef = 55F10FE42B3644A000A09650 /* FirebaseAppDistribution-Beta */; };
		55F10FE72B3644A000A09650 /* FirebaseAuth in Frameworks */ = {isa = PBXBuildFile; productRef = 55F10FE62B3644A000A09650 /* FirebaseAuth */; };
		55F10FE92B3644A000A09650 /* FirebaseAuthCombine-Community in Frameworks */ = {isa = PBXBuildFile; productRef = 55F10FE82B3644A000A09650 /* FirebaseAuthCombine-Community */; };
		55F10FEB2B3644A000A09650 /* FirebaseCrashlytics in Frameworks */ = {isa = PBXBuildFile; productRef = 55F10FEA2B3644A000A09650 /* FirebaseCrashlytics */; };
		55F10FED2B3644A000A09650 /* FirebaseDatabase in Frameworks */ = {isa = PBXBuildFile; productRef = 55F10FEC2B3644A000A09650 /* FirebaseDatabase */; };
		55F10FEF2B3644A000A09650 /* FirebaseDatabaseSwift in Frameworks */ = {isa = PBXBuildFile; productRef = 55F10FEE2B3644A000A09650 /* FirebaseDatabaseSwift */; };
		55F10FF12B3644A000A09650 /* FirebaseDynamicLinks in Frameworks */ = {isa = PBXBuildFile; productRef = 55F10FF02B3644A000A09650 /* FirebaseDynamicLinks */; };
		55F10FF32B3644A000A09650 /* FirebaseFirestore in Frameworks */ = {isa = PBXBuildFile; productRef = 55F10FF22B3644A000A09650 /* FirebaseFirestore */; };
		55F10FF52B3644A000A09650 /* FirebaseFirestoreCombine-Community in Frameworks */ = {isa = PBXBuildFile; productRef = 55F10FF42B3644A000A09650 /* FirebaseFirestoreCombine-Community */; };
		55F10FF72B3644A000A09650 /* FirebaseFirestoreSwift in Frameworks */ = {isa = PBXBuildFile; productRef = 55F10FF62B3644A000A09650 /* FirebaseFirestoreSwift */; };
		55F10FF92B3644A000A09650 /* FirebaseFunctions in Frameworks */ = {isa = PBXBuildFile; productRef = 55F10FF82B3644A000A09650 /* FirebaseFunctions */; };
		55F10FFB2B3644A000A09650 /* FirebaseFunctionsCombine-Community in Frameworks */ = {isa = PBXBuildFile; productRef = 55F10FFA2B3644A000A09650 /* FirebaseFunctionsCombine-Community */; };
		55F10FFD2B3644A000A09650 /* FirebaseInAppMessaging-Beta in Frameworks */ = {isa = PBXBuildFile; productRef = 55F10FFC2B3644A000A09650 /* FirebaseInAppMessaging-Beta */; };
		55F10FFF2B3644A000A09650 /* FirebaseInAppMessagingSwift-Beta in Frameworks */ = {isa = PBXBuildFile; productRef = 55F10FFE2B3644A000A09650 /* FirebaseInAppMessagingSwift-Beta */; };
		55F110012B3644A000A09650 /* FirebaseInstallations in Frameworks */ = {isa = PBXBuildFile; productRef = 55F110002B3644A000A09650 /* FirebaseInstallations */; };
		55F110032B3644A000A09650 /* FirebaseMLModelDownloader in Frameworks */ = {isa = PBXBuildFile; productRef = 55F110022B3644A000A09650 /* FirebaseMLModelDownloader */; };
		55F110052B3644A000A09650 /* FirebaseMessaging in Frameworks */ = {isa = PBXBuildFile; productRef = 55F110042B3644A000A09650 /* FirebaseMessaging */; };
		55F110072B3644A000A09650 /* FirebasePerformance in Frameworks */ = {isa = PBXBuildFile; productRef = 55F110062B3644A000A09650 /* FirebasePerformance */; };
		55F110092B3644A000A09650 /* FirebaseRemoteConfig in Frameworks */ = {isa = PBXBuildFile; productRef = 55F110082B3644A000A09650 /* FirebaseRemoteConfig */; };
		55F1100B2B3644A000A09650 /* FirebaseRemoteConfigSwift in Frameworks */ = {isa = PBXBuildFile; productRef = 55F1100A2B3644A000A09650 /* FirebaseRemoteConfigSwift */; };
		55F1100D2B3644A000A09650 /* FirebaseStorage in Frameworks */ = {isa = PBXBuildFile; productRef = 55F1100C2B3644A000A09650 /* FirebaseStorage */; };
		55F1100F2B3644A000A09650 /* FirebaseStorageCombine-Community in Frameworks */ = {isa = PBXBuildFile; productRef = 55F1100E2B3644A000A09650 /* FirebaseStorageCombine-Community */; };
		55F110112B36461F00A09650 /* Model.swift in Sources */ = {isa = PBXBuildFile; fileRef = 55F110102B36461F00A09650 /* Model.swift */; };
		55F110132B36466600A09650 /* ViewModel.swift in Sources */ = {isa = PBXBuildFile; fileRef = 55F110122B36466600A09650 /* ViewModel.swift */; };
		55F110192B36701200A09650 /* DetailView.swift in Sources */ = {isa = PBXBuildFile; fileRef = 55F110182B36701200A09650 /* DetailView.swift */; };
		55FDEE662B3540F10014849F /* TabBarButton.swift in Sources */ = {isa = PBXBuildFile; fileRef = 55FDEE652B3540F00014849F /* TabBarButton.swift */; };
/* End PBXBuildFile section */

/* Begin PBXFileReference section */
		5559BF512B35353800088ECF /* hoodoo-grimoire.app */ = {isa = PBXFileReference; explicitFileType = wrapper.application; includeInIndex = 0; path = "hoodoo-grimoire.app"; sourceTree = BUILT_PRODUCTS_DIR; };
		5559BF542B35353800088ECF /* hoodoo_grimoireApp.swift */ = {isa = PBXFileReference; lastKnownFileType = sourcecode.swift; path = hoodoo_grimoireApp.swift; sourceTree = "<group>"; };
		5559BF562B35353800088ECF /* RootView.swift */ = {isa = PBXFileReference; lastKnownFileType = sourcecode.swift; path = RootView.swift; sourceTree = "<group>"; };
		5559BF582B35353A00088ECF /* Assets.xcassets */ = {isa = PBXFileReference; lastKnownFileType = folder.assetcatalog; path = Assets.xcassets; sourceTree = "<group>"; };
		5559BF5B2B35353A00088ECF /* Preview Assets.xcassets */ = {isa = PBXFileReference; lastKnownFileType = folder.assetcatalog; path = "Preview Assets.xcassets"; sourceTree = "<group>"; };
		5559BF642B3535D700088ECF /* CustomTabBar.swift */ = {isa = PBXFileReference; lastKnownFileType = sourcecode.swift; path = CustomTabBar.swift; sourceTree = "<group>"; };
		55F10FD72B36442200A09650 /* GoogleService-Info.plist */ = {isa = PBXFileReference; fileEncoding = 4; lastKnownFileType = text.plist.xml; path = "GoogleService-Info.plist"; sourceTree = "<group>"; };
		55F110102B36461F00A09650 /* Model.swift */ = {isa = PBXFileReference; lastKnownFileType = sourcecode.swift; path = Model.swift; sourceTree = "<group>"; };
		55F110122B36466600A09650 /* ViewModel.swift */ = {isa = PBXFileReference; lastKnownFileType = sourcecode.swift; path = ViewModel.swift; sourceTree = "<group>"; };
		55F110182B36701200A09650 /* DetailView.swift */ = {isa = PBXFileReference; lastKnownFileType = sourcecode.swift; path = DetailView.swift; sourceTree = "<group>"; };
		55FDEE652B3540F00014849F /* TabBarButton.swift */ = {isa = PBXFileReference; lastKnownFileType = sourcecode.swift; path = TabBarButton.swift; sourceTree = "<group>"; };
/* End PBXFileReference section */

/* Begin PBXFrameworksBuildPhase section */
		5559BF4E2B35353800088ECF /* Frameworks */ = {
			isa = PBXFrameworksBuildPhase;
			buildActionMask = 2147483647;
			files = (
				55F10FED2B3644A000A09650 /* FirebaseDatabase in Frameworks */,
				55F10FFB2B3644A000A09650 /* FirebaseFunctionsCombine-Community in Frameworks */,
				55F10FF32B3644A000A09650 /* FirebaseFirestore in Frameworks */,
				55F10FDF2B3644A000A09650 /* FirebaseAnalyticsSwift in Frameworks */,
				55F10FDB2B3644A000A09650 /* FirebaseAnalytics in Frameworks */,
				55F10FDD2B3644A000A09650 /* FirebaseAnalyticsOnDeviceConversion in Frameworks */,
				55F110032B3644A000A09650 /* FirebaseMLModelDownloader in Frameworks */,
				55F10FF72B3644A000A09650 /* FirebaseFirestoreSwift in Frameworks */,
				55F10FE32B3644A000A09650 /* FirebaseAppCheck in Frameworks */,
				55F10FE12B3644A000A09650 /* FirebaseAnalyticsWithoutAdIdSupport in Frameworks */,
				55F10FE72B3644A000A09650 /* FirebaseAuth in Frameworks */,
				55F10FEB2B3644A000A09650 /* FirebaseCrashlytics in Frameworks */,
				55F1100B2B3644A000A09650 /* FirebaseRemoteConfigSwift in Frameworks */,
				55F10FFD2B3644A000A09650 /* FirebaseInAppMessaging-Beta in Frameworks */,
				55F10FEF2B3644A000A09650 /* FirebaseDatabaseSwift in Frameworks */,
				55F10FF92B3644A000A09650 /* FirebaseFunctions in Frameworks */,
				55F1100F2B3644A000A09650 /* FirebaseStorageCombine-Community in Frameworks */,
				55F110092B3644A000A09650 /* FirebaseRemoteConfig in Frameworks */,
				55F10FE52B3644A000A09650 /* FirebaseAppDistribution-Beta in Frameworks */,
				55F10FE92B3644A000A09650 /* FirebaseAuthCombine-Community in Frameworks */,
				55F110072B3644A000A09650 /* FirebasePerformance in Frameworks */,
				55F10FFF2B3644A000A09650 /* FirebaseInAppMessagingSwift-Beta in Frameworks */,
				55F1100D2B3644A000A09650 /* FirebaseStorage in Frameworks */,
				55F10FF12B3644A000A09650 /* FirebaseDynamicLinks in Frameworks */,
				55F10FF52B3644A000A09650 /* FirebaseFirestoreCombine-Community in Frameworks */,
				55F110052B3644A000A09650 /* FirebaseMessaging in Frameworks */,
				55F110012B3644A000A09650 /* FirebaseInstallations in Frameworks */,
			);
			runOnlyForDeploymentPostprocessing = 0;
		};
/* End PBXFrameworksBuildPhase section */

/* Begin PBXGroup section */
		5559BF482B35353800088ECF = {
			isa = PBXGroup;
			children = (
				5559BF532B35353800088ECF /* hoodoo-grimoire */,
				5559BF522B35353800088ECF /* Products */,
			);
			sourceTree = "<group>";
		};
		5559BF522B35353800088ECF /* Products */ = {
			isa = PBXGroup;
			children = (
				5559BF512B35353800088ECF /* hoodoo-grimoire.app */,
			);
			name = Products;
			sourceTree = "<group>";
		};
		5559BF532B35353800088ECF /* hoodoo-grimoire */ = {
			isa = PBXGroup;
			children = (
				5559BF542B35353800088ECF /* hoodoo_grimoireApp.swift */,
				55F10FD72B36442200A09650 /* GoogleService-Info.plist */,
				55F110172B366ED200A09650 /* View Model */,
				55FDEE672B3547420014849F /* Model */,
				5559BF622B35358F00088ECF /* Views */,
				5559BF582B35353A00088ECF /* Assets.xcassets */,
				5559BF5A2B35353A00088ECF /* Preview Content */,
			);
			path = "hoodoo-grimoire";
			sourceTree = "<group>";
		};
		5559BF5A2B35353A00088ECF /* Preview Content */ = {
			isa = PBXGroup;
			children = (
				5559BF5B2B35353A00088ECF /* Preview Assets.xcassets */,
			);
			path = "Preview Content";
			sourceTree = "<group>";
		};
		5559BF622B35358F00088ECF /* Views */ = {
			isa = PBXGroup;
			children = (
				5559BF562B35353800088ECF /* RootView.swift */,
				55F110182B36701200A09650 /* DetailView.swift */,
				5559BF632B35359F00088ECF /* Custom Tab Bar */,
			);
			path = Views;
			sourceTree = "<group>";
		};
		5559BF632B35359F00088ECF /* Custom Tab Bar */ = {
			isa = PBXGroup;
			children = (
				5559BF642B3535D700088ECF /* CustomTabBar.swift */,
				55FDEE652B3540F00014849F /* TabBarButton.swift */,
			);
			path = "Custom Tab Bar";
			sourceTree = "<group>";
		};
		55F110172B366ED200A09650 /* View Model */ = {
			isa = PBXGroup;
			children = (
				55F110122B36466600A09650 /* ViewModel.swift */,
			);
			path = "View Model";
			sourceTree = "<group>";
		};
		55FDEE672B3547420014849F /* Model */ = {
			isa = PBXGroup;
			children = (
				55F110102B36461F00A09650 /* Model.swift */,
			);
			path = Model;
			sourceTree = "<group>";
		};
/* End PBXGroup section */

/* Begin PBXNativeTarget section */
		5559BF502B35353800088ECF /* hoodoo-grimoire */ = {
			isa = PBXNativeTarget;
			buildConfigurationList = 5559BF5F2B35353A00088ECF /* Build configuration list for PBXNativeTarget "hoodoo-grimoire" */;
			buildPhases = (
				5559BF4D2B35353800088ECF /* Sources */,
				5559BF4E2B35353800088ECF /* Frameworks */,
				5559BF4F2B35353800088ECF /* Resources */,
			);
			buildRules = (
			);
			dependencies = (
			);
			name = "hoodoo-grimoire";
			packageProductDependencies = (
				55F10FDA2B3644A000A09650 /* FirebaseAnalytics */,
				55F10FDC2B3644A000A09650 /* FirebaseAnalyticsOnDeviceConversion */,
				55F10FDE2B3644A000A09650 /* FirebaseAnalyticsSwift */,
				55F10FE02B3644A000A09650 /* FirebaseAnalyticsWithoutAdIdSupport */,
				55F10FE22B3644A000A09650 /* FirebaseAppCheck */,
				55F10FE42B3644A000A09650 /* FirebaseAppDistribution-Beta */,
				55F10FE62B3644A000A09650 /* FirebaseAuth */,
				55F10FE82B3644A000A09650 /* FirebaseAuthCombine-Community */,
				55F10FEA2B3644A000A09650 /* FirebaseCrashlytics */,
				55F10FEC2B3644A000A09650 /* FirebaseDatabase */,
				55F10FEE2B3644A000A09650 /* FirebaseDatabaseSwift */,
				55F10FF02B3644A000A09650 /* FirebaseDynamicLinks */,
				55F10FF22B3644A000A09650 /* FirebaseFirestore */,
				55F10FF42B3644A000A09650 /* FirebaseFirestoreCombine-Community */,
				55F10FF62B3644A000A09650 /* FirebaseFirestoreSwift */,
				55F10FF82B3644A000A09650 /* FirebaseFunctions */,
				55F10FFA2B3644A000A09650 /* FirebaseFunctionsCombine-Community */,
				55F10FFC2B3644A000A09650 /* FirebaseInAppMessaging-Beta */,
				55F10FFE2B3644A000A09650 /* FirebaseInAppMessagingSwift-Beta */,
				55F110002B3644A000A09650 /* FirebaseInstallations */,
				55F110022B3644A000A09650 /* FirebaseMLModelDownloader */,
				55F110042B3644A000A09650 /* FirebaseMessaging */,
				55F110062B3644A000A09650 /* FirebasePerformance */,
				55F110082B3644A000A09650 /* FirebaseRemoteConfig */,
				55F1100A2B3644A000A09650 /* FirebaseRemoteConfigSwift */,
				55F1100C2B3644A000A09650 /* FirebaseStorage */,
				55F1100E2B3644A000A09650 /* FirebaseStorageCombine-Community */,
			);
			productName = "hoodoo-grimoire";
			productReference = 5559BF512B35353800088ECF /* hoodoo-grimoire.app */;
			productType = "com.apple.product-type.application";
		};
/* End PBXNativeTarget section */

/* Begin PBXProject section */
		5559BF492B35353800088ECF /* Project object */ = {
			isa = PBXProject;
			attributes = {
				BuildIndependentTargetsInParallel = 1;
				LastSwiftUpdateCheck = 1510;
				LastUpgradeCheck = 1510;
				TargetAttributes = {
					5559BF502B35353800088ECF = {
						CreatedOnToolsVersion = 15.1;
					};
				};
			};
			buildConfigurationList = 5559BF4C2B35353800088ECF /* Build configuration list for PBXProject "hoodoo-grimoire" */;
			compatibilityVersion = "Xcode 14.0";
			developmentRegion = en;
			hasScannedForEncodings = 0;
			knownRegions = (
				en,
				Base,
			);
			mainGroup = 5559BF482B35353800088ECF;
			packageReferences = (
				55F10FD92B3644A000A09650 /* XCRemoteSwiftPackageReference "firebase-ios-sdk" */,
			);
			productRefGroup = 5559BF522B35353800088ECF /* Products */;
			projectDirPath = "";
			projectRoot = "";
			targets = (
				5559BF502B35353800088ECF /* hoodoo-grimoire */,
			);
		};
/* End PBXProject section */

/* Begin PBXResourcesBuildPhase section */
		5559BF4F2B35353800088ECF /* Resources */ = {
			isa = PBXResourcesBuildPhase;
			buildActionMask = 2147483647;
			files = (
				5559BF5C2B35353A00088ECF /* Preview Assets.xcassets in Resources */,
				5559BF592B35353A00088ECF /* Assets.xcassets in Resources */,
				55F10FD82B36442300A09650 /* GoogleService-Info.plist in Resources */,
			);
			runOnlyForDeploymentPostprocessing = 0;
		};
/* End PBXResourcesBuildPhase section */

/* Begin PBXSourcesBuildPhase section */
		5559BF4D2B35353800088ECF /* Sources */ = {
			isa = PBXSourcesBuildPhase;
			buildActionMask = 2147483647;
			files = (
				55F110112B36461F00A09650 /* Model.swift in Sources */,
				55F110192B36701200A09650 /* DetailView.swift in Sources */,
				5559BF572B35353800088ECF /* RootView.swift in Sources */,
				55FDEE662B3540F10014849F /* TabBarButton.swift in Sources */,
				5559BF652B3535D700088ECF /* CustomTabBar.swift in Sources */,
				55F110132B36466600A09650 /* ViewModel.swift in Sources */,
				5559BF552B35353800088ECF /* hoodoo_grimoireApp.swift in Sources */,
			);
			runOnlyForDeploymentPostprocessing = 0;
		};
/* End PBXSourcesBuildPhase section */

/* Begin XCBuildConfiguration section */
		5559BF5D2B35353A00088ECF /* Debug */ = {
			isa = XCBuildConfiguration;
			buildSettings = {
				ALWAYS_SEARCH_USER_PATHS = NO;
				ASSETCATALOG_COMPILER_GENERATE_SWIFT_ASSET_SYMBOL_EXTENSIONS = YES;
				CLANG_ANALYZER_NONNULL = YES;
				CLANG_ANALYZER_NUMBER_OBJECT_CONVERSION = YES_AGGRESSIVE;
				CLANG_CXX_LANGUAGE_STANDARD = "gnu++20";
				CLANG_ENABLE_MODULES = YES;
				CLANG_ENABLE_OBJC_ARC = YES;
				CLANG_ENABLE_OBJC_WEAK = YES;
				CLANG_WARN_BLOCK_CAPTURE_AUTORELEASING = YES;
				CLANG_WARN_BOOL_CONVERSION = YES;
				CLANG_WARN_COMMA = YES;
				CLANG_WARN_CONSTANT_CONVERSION = YES;
				CLANG_WARN_DEPRECATED_OBJC_IMPLEMENTATIONS = YES;
				CLANG_WARN_DIRECT_OBJC_ISA_USAGE = YES_ERROR;
				CLANG_WARN_DOCUMENTATION_COMMENTS = YES;
				CLANG_WARN_EMPTY_BODY = YES;
				CLANG_WARN_ENUM_CONVERSION = YES;
				CLANG_WARN_INFINITE_RECURSION = YES;
				CLANG_WARN_INT_CONVERSION = YES;
				CLANG_WARN_NON_LITERAL_NULL_CONVERSION = YES;
				CLANG_WARN_OBJC_IMPLICIT_RETAIN_SELF = YES;
				CLANG_WARN_OBJC_LITERAL_CONVERSION = YES;
				CLANG_WARN_OBJC_ROOT_CLASS = YES_ERROR;
				CLANG_WARN_QUOTED_INCLUDE_IN_FRAMEWORK_HEADER = YES;
				CLANG_WARN_RANGE_LOOP_ANALYSIS = YES;
				CLANG_WARN_STRICT_PROTOTYPES = YES;
				CLANG_WARN_SUSPICIOUS_MOVE = YES;
				CLANG_WARN_UNGUARDED_AVAILABILITY = YES_AGGRESSIVE;
				CLANG_WARN_UNREACHABLE_CODE = YES;
				CLANG_WARN__DUPLICATE_METHOD_MATCH = YES;
				COPY_PHASE_STRIP = NO;
				DEBUG_INFORMATION_FORMAT = dwarf;
				ENABLE_STRICT_OBJC_MSGSEND = YES;
				ENABLE_TESTABILITY = YES;
				ENABLE_USER_SCRIPT_SANDBOXING = YES;
				GCC_C_LANGUAGE_STANDARD = gnu17;
				GCC_DYNAMIC_NO_PIC = NO;
				GCC_NO_COMMON_BLOCKS = YES;
				GCC_OPTIMIZATION_LEVEL = 0;
				GCC_PREPROCESSOR_DEFINITIONS = (
					"DEBUG=1",
					"$(inherited)",
				);
				GCC_WARN_64_TO_32_BIT_CONVERSION = YES;
				GCC_WARN_ABOUT_RETURN_TYPE = YES_ERROR;
				GCC_WARN_UNDECLARED_SELECTOR = YES;
				GCC_WARN_UNINITIALIZED_AUTOS = YES_AGGRESSIVE;
				GCC_WARN_UNUSED_FUNCTION = YES;
				GCC_WARN_UNUSED_VARIABLE = YES;
				IPHONEOS_DEPLOYMENT_TARGET = 17.2;
				LOCALIZATION_PREFERS_STRING_CATALOGS = YES;
				MTL_ENABLE_DEBUG_INFO = INCLUDE_SOURCE;
				MTL_FAST_MATH = YES;
				ONLY_ACTIVE_ARCH = YES;
				SDKROOT = iphoneos;
				SWIFT_ACTIVE_COMPILATION_CONDITIONS = "DEBUG $(inherited)";
				SWIFT_OPTIMIZATION_LEVEL = "-Onone";
			};
			name = Debug;
		};
		5559BF5E2B35353A00088ECF /* Release */ = {
			isa = XCBuildConfiguration;
			buildSettings = {
				ALWAYS_SEARCH_USER_PATHS = NO;
				ASSETCATALOG_COMPILER_GENERATE_SWIFT_ASSET_SYMBOL_EXTENSIONS = YES;
				CLANG_ANALYZER_NONNULL = YES;
				CLANG_ANALYZER_NUMBER_OBJECT_CONVERSION = YES_AGGRESSIVE;
				CLANG_CXX_LANGUAGE_STANDARD = "gnu++20";
				CLANG_ENABLE_MODULES = YES;
				CLANG_ENABLE_OBJC_ARC = YES;
				CLANG_ENABLE_OBJC_WEAK = YES;
				CLANG_WARN_BLOCK_CAPTURE_AUTORELEASING = YES;
				CLANG_WARN_BOOL_CONVERSION = YES;
				CLANG_WARN_COMMA = YES;
				CLANG_WARN_CONSTANT_CONVERSION = YES;
				CLANG_WARN_DEPRECATED_OBJC_IMPLEMENTATIONS = YES;
				CLANG_WARN_DIRECT_OBJC_ISA_USAGE = YES_ERROR;
				CLANG_WARN_DOCUMENTATION_COMMENTS = YES;
				CLANG_WARN_EMPTY_BODY = YES;
				CLANG_WARN_ENUM_CONVERSION = YES;
				CLANG_WARN_INFINITE_RECURSION = YES;
				CLANG_WARN_INT_CONVERSION = YES;
				CLANG_WARN_NON_LITERAL_NULL_CONVERSION = YES;
				CLANG_WARN_OBJC_IMPLICIT_RETAIN_SELF = YES;
				CLANG_WARN_OBJC_LITERAL_CONVERSION = YES;
				CLANG_WARN_OBJC_ROOT_CLASS = YES_ERROR;
				CLANG_WARN_QUOTED_INCLUDE_IN_FRAMEWORK_HEADER = YES;
				CLANG_WARN_RANGE_LOOP_ANALYSIS = YES;
				CLANG_WARN_STRICT_PROTOTYPES = YES;
				CLANG_WARN_SUSPICIOUS_MOVE = YES;
				CLANG_WARN_UNGUARDED_AVAILABILITY = YES_AGGRESSIVE;
				CLANG_WARN_UNREACHABLE_CODE = YES;
				CLANG_WARN__DUPLICATE_METHOD_MATCH = YES;
				COPY_PHASE_STRIP = NO;
				DEBUG_INFORMATION_FORMAT = "dwarf-with-dsym";
				ENABLE_NS_ASSERTIONS = NO;
				ENABLE_STRICT_OBJC_MSGSEND = YES;
				ENABLE_USER_SCRIPT_SANDBOXING = YES;
				GCC_C_LANGUAGE_STANDARD = gnu17;
				GCC_NO_COMMON_BLOCKS = YES;
				GCC_WARN_64_TO_32_BIT_CONVERSION = YES;
				GCC_WARN_ABOUT_RETURN_TYPE = YES_ERROR;
				GCC_WARN_UNDECLARED_SELECTOR = YES;
				GCC_WARN_UNINITIALIZED_AUTOS = YES_AGGRESSIVE;
				GCC_WARN_UNUSED_FUNCTION = YES;
				GCC_WARN_UNUSED_VARIABLE = YES;
				IPHONEOS_DEPLOYMENT_TARGET = 17.2;
				LOCALIZATION_PREFERS_STRING_CATALOGS = YES;
				MTL_ENABLE_DEBUG_INFO = NO;
				MTL_FAST_MATH = YES;
				SDKROOT = iphoneos;
				SWIFT_COMPILATION_MODE = wholemodule;
				VALIDATE_PRODUCT = YES;
			};
			name = Release;
		};
		5559BF602B35353A00088ECF /* Debug */ = {
			isa = XCBuildConfiguration;
			buildSettings = {
				ASSETCATALOG_COMPILER_APPICON_NAME = AppIcon;
				ASSETCATALOG_COMPILER_GLOBAL_ACCENT_COLOR_NAME = AccentColor;
				CODE_SIGN_STYLE = Automatic;
				CURRENT_PROJECT_VERSION = 1;
				DEVELOPMENT_ASSET_PATHS = "\"hoodoo-grimoire/Preview Content\"";
				DEVELOPMENT_TEAM = C8ULV38G2Z;
				ENABLE_PREVIEWS = YES;
				GENERATE_INFOPLIST_FILE = YES;
				INFOPLIST_KEY_UIApplicationSceneManifest_Generation = YES;
				INFOPLIST_KEY_UIApplicationSupportsIndirectInputEvents = YES;
				INFOPLIST_KEY_UILaunchScreen_Generation = YES;
				INFOPLIST_KEY_UISupportedInterfaceOrientations_iPad = "UIInterfaceOrientationPortrait UIInterfaceOrientationPortraitUpsideDown UIInterfaceOrientationLandscapeLeft UIInterfaceOrientationLandscapeRight";
				INFOPLIST_KEY_UISupportedInterfaceOrientations_iPhone = "UIInterfaceOrientationPortrait UIInterfaceOrientationLandscapeLeft UIInterfaceOrientationLandscapeRight";
				IPHONEOS_DEPLOYMENT_TARGET = 17.0;
				LD_RUNPATH_SEARCH_PATHS = (
					"$(inherited)",
					"@executable_path/Frameworks",
				);
				MARKETING_VERSION = 1.0;
				PRODUCT_BUNDLE_IDENTIFIER = "com.fernando.marins.hoodoo-grimoire";
				PRODUCT_NAME = "$(TARGET_NAME)";
				SWIFT_EMIT_LOC_STRINGS = YES;
				SWIFT_VERSION = 5.0;
				TARGETED_DEVICE_FAMILY = "1,2";
			};
			name = Debug;
		};
		5559BF612B35353A00088ECF /* Release */ = {
			isa = XCBuildConfiguration;
			buildSettings = {
				ASSETCATALOG_COMPILER_APPICON_NAME = AppIcon;
				ASSETCATALOG_COMPILER_GLOBAL_ACCENT_COLOR_NAME = AccentColor;
				CODE_SIGN_STYLE = Automatic;
				CURRENT_PROJECT_VERSION = 1;
				DEVELOPMENT_ASSET_PATHS = "\"hoodoo-grimoire/Preview Content\"";
				DEVELOPMENT_TEAM = C8ULV38G2Z;
				ENABLE_PREVIEWS = YES;
				GENERATE_INFOPLIST_FILE = YES;
				INFOPLIST_KEY_UIApplicationSceneManifest_Generation = YES;
				INFOPLIST_KEY_UIApplicationSupportsIndirectInputEvents = YES;
				INFOPLIST_KEY_UILaunchScreen_Generation = YES;
				INFOPLIST_KEY_UISupportedInterfaceOrientations_iPad = "UIInterfaceOrientationPortrait UIInterfaceOrientationPortraitUpsideDown UIInterfaceOrientationLandscapeLeft UIInterfaceOrientationLandscapeRight";
				INFOPLIST_KEY_UISupportedInterfaceOrientations_iPhone = "UIInterfaceOrientationPortrait UIInterfaceOrientationLandscapeLeft UIInterfaceOrientationLandscapeRight";
				IPHONEOS_DEPLOYMENT_TARGET = 17.0;
				LD_RUNPATH_SEARCH_PATHS = (
					"$(inherited)",
					"@executable_path/Frameworks",
				);
				MARKETING_VERSION = 1.0;
				PRODUCT_BUNDLE_IDENTIFIER = "com.fernando.marins.hoodoo-grimoire";
				PRODUCT_NAME = "$(TARGET_NAME)";
				SWIFT_EMIT_LOC_STRINGS = YES;
				SWIFT_VERSION = 5.0;
				TARGETED_DEVICE_FAMILY = "1,2";
			};
			name = Release;
		};
/* End XCBuildConfiguration section */

/* Begin XCConfigurationList section */
		5559BF4C2B35353800088ECF /* Build configuration list for PBXProject "hoodoo-grimoire" */ = {
			isa = XCConfigurationList;
			buildConfigurations = (
				5559BF5D2B35353A00088ECF /* Debug */,
				5559BF5E2B35353A00088ECF /* Release */,
			);
			defaultConfigurationIsVisible = 0;
			defaultConfigurationName = Release;
		};
		5559BF5F2B35353A00088ECF /* Build configuration list for PBXNativeTarget "hoodoo-grimoire" */ = {
			isa = XCConfigurationList;
			buildConfigurations = (
				5559BF602B35353A00088ECF /* Debug */,
				5559BF612B35353A00088ECF /* Release */,
			);
			defaultConfigurationIsVisible = 0;
			defaultConfigurationName = Release;
		};
/* End XCConfigurationList section */

/* Begin XCRemoteSwiftPackageReference section */
		55F10FD92B3644A000A09650 /* XCRemoteSwiftPackageReference "firebase-ios-sdk" */ = {
			isa = XCRemoteSwiftPackageReference;
			repositoryURL = "https://github.com/firebase/firebase-ios-sdk";
			requirement = {
				kind = upToNextMajorVersion;
				minimumVersion = 10.19.1;
			};
		};
/* End XCRemoteSwiftPackageReference section */

/* Begin XCSwiftPackageProductDependency section */
		55F10FDA2B3644A000A09650 /* FirebaseAnalytics */ = {
			isa = XCSwiftPackageProductDependency;
			package = 55F10FD92B3644A000A09650 /* XCRemoteSwiftPackageReference "firebase-ios-sdk" */;
			productName = FirebaseAnalytics;
		};
		55F10FDC2B3644A000A09650 /* FirebaseAnalyticsOnDeviceConversion */ = {
			isa = XCSwiftPackageProductDependency;
			package = 55F10FD92B3644A000A09650 /* XCRemoteSwiftPackageReference "firebase-ios-sdk" */;
			productName = FirebaseAnalyticsOnDeviceConversion;
		};
		55F10FDE2B3644A000A09650 /* FirebaseAnalyticsSwift */ = {
			isa = XCSwiftPackageProductDependency;
			package = 55F10FD92B3644A000A09650 /* XCRemoteSwiftPackageReference "firebase-ios-sdk" */;
			productName = FirebaseAnalyticsSwift;
		};
		55F10FE02B3644A000A09650 /* FirebaseAnalyticsWithoutAdIdSupport */ = {
			isa = XCSwiftPackageProductDependency;
			package = 55F10FD92B3644A000A09650 /* XCRemoteSwiftPackageReference "firebase-ios-sdk" */;
			productName = FirebaseAnalyticsWithoutAdIdSupport;
		};
		55F10FE22B3644A000A09650 /* FirebaseAppCheck */ = {
			isa = XCSwiftPackageProductDependency;
			package = 55F10FD92B3644A000A09650 /* XCRemoteSwiftPackageReference "firebase-ios-sdk" */;
			productName = FirebaseAppCheck;
		};
		55F10FE42B3644A000A09650 /* FirebaseAppDistribution-Beta */ = {
			isa = XCSwiftPackageProductDependency;
			package = 55F10FD92B3644A000A09650 /* XCRemoteSwiftPackageReference "firebase-ios-sdk" */;
			productName = "FirebaseAppDistribution-Beta";
		};
		55F10FE62B3644A000A09650 /* FirebaseAuth */ = {
			isa = XCSwiftPackageProductDependency;
			package = 55F10FD92B3644A000A09650 /* XCRemoteSwiftPackageReference "firebase-ios-sdk" */;
			productName = FirebaseAuth;
		};
		55F10FE82B3644A000A09650 /* FirebaseAuthCombine-Community */ = {
			isa = XCSwiftPackageProductDependency;
			package = 55F10FD92B3644A000A09650 /* XCRemoteSwiftPackageReference "firebase-ios-sdk" */;
			productName = "FirebaseAuthCombine-Community";
		};
		55F10FEA2B3644A000A09650 /* FirebaseCrashlytics */ = {
			isa = XCSwiftPackageProductDependency;
			package = 55F10FD92B3644A000A09650 /* XCRemoteSwiftPackageReference "firebase-ios-sdk" */;
			productName = FirebaseCrashlytics;
		};
		55F10FEC2B3644A000A09650 /* FirebaseDatabase */ = {
			isa = XCSwiftPackageProductDependency;
			package = 55F10FD92B3644A000A09650 /* XCRemoteSwiftPackageReference "firebase-ios-sdk" */;
			productName = FirebaseDatabase;
		};
		55F10FEE2B3644A000A09650 /* FirebaseDatabaseSwift */ = {
			isa = XCSwiftPackageProductDependency;
			package = 55F10FD92B3644A000A09650 /* XCRemoteSwiftPackageReference "firebase-ios-sdk" */;
			productName = FirebaseDatabaseSwift;
		};
		55F10FF02B3644A000A09650 /* FirebaseDynamicLinks */ = {
			isa = XCSwiftPackageProductDependency;
			package = 55F10FD92B3644A000A09650 /* XCRemoteSwiftPackageReference "firebase-ios-sdk" */;
			productName = FirebaseDynamicLinks;
		};
		55F10FF22B3644A000A09650 /* FirebaseFirestore */ = {
			isa = XCSwiftPackageProductDependency;
			package = 55F10FD92B3644A000A09650 /* XCRemoteSwiftPackageReference "firebase-ios-sdk" */;
			productName = FirebaseFirestore;
		};
		55F10FF42B3644A000A09650 /* FirebaseFirestoreCombine-Community */ = {
			isa = XCSwiftPackageProductDependency;
			package = 55F10FD92B3644A000A09650 /* XCRemoteSwiftPackageReference "firebase-ios-sdk" */;
			productName = "FirebaseFirestoreCombine-Community";
		};
		55F10FF62B3644A000A09650 /* FirebaseFirestoreSwift */ = {
			isa = XCSwiftPackageProductDependency;
			package = 55F10FD92B3644A000A09650 /* XCRemoteSwiftPackageReference "firebase-ios-sdk" */;
			productName = FirebaseFirestoreSwift;
		};
		55F10FF82B3644A000A09650 /* FirebaseFunctions */ = {
			isa = XCSwiftPackageProductDependency;
			package = 55F10FD92B3644A000A09650 /* XCRemoteSwiftPackageReference "firebase-ios-sdk" */;
			productName = FirebaseFunctions;
		};
		55F10FFA2B3644A000A09650 /* FirebaseFunctionsCombine-Community */ = {
			isa = XCSwiftPackageProductDependency;
			package = 55F10FD92B3644A000A09650 /* XCRemoteSwiftPackageReference "firebase-ios-sdk" */;
			productName = "FirebaseFunctionsCombine-Community";
		};
		55F10FFC2B3644A000A09650 /* FirebaseInAppMessaging-Beta */ = {
			isa = XCSwiftPackageProductDependency;
			package = 55F10FD92B3644A000A09650 /* XCRemoteSwiftPackageReference "firebase-ios-sdk" */;
			productName = "FirebaseInAppMessaging-Beta";
		};
		55F10FFE2B3644A000A09650 /* FirebaseInAppMessagingSwift-Beta */ = {
			isa = XCSwiftPackageProductDependency;
			package = 55F10FD92B3644A000A09650 /* XCRemoteSwiftPackageReference "firebase-ios-sdk" */;
			productName = "FirebaseInAppMessagingSwift-Beta";
		};
		55F110002B3644A000A09650 /* FirebaseInstallations */ = {
			isa = XCSwiftPackageProductDependency;
			package = 55F10FD92B3644A000A09650 /* XCRemoteSwiftPackageReference "firebase-ios-sdk" */;
			productName = FirebaseInstallations;
		};
		55F110022B3644A000A09650 /* FirebaseMLModelDownloader */ = {
			isa = XCSwiftPackageProductDependency;
			package = 55F10FD92B3644A000A09650 /* XCRemoteSwiftPackageReference "firebase-ios-sdk" */;
			productName = FirebaseMLModelDownloader;
		};
		55F110042B3644A000A09650 /* FirebaseMessaging */ = {
			isa = XCSwiftPackageProductDependency;
			package = 55F10FD92B3644A000A09650 /* XCRemoteSwiftPackageReference "firebase-ios-sdk" */;
			productName = FirebaseMessaging;
		};
		55F110062B3644A000A09650 /* FirebasePerformance */ = {
			isa = XCSwiftPackageProductDependency;
			package = 55F10FD92B3644A000A09650 /* XCRemoteSwiftPackageReference "firebase-ios-sdk" */;
			productName = FirebasePerformance;
		};
		55F110082B3644A000A09650 /* FirebaseRemoteConfig */ = {
			isa = XCSwiftPackageProductDependency;
			package = 55F10FD92B3644A000A09650 /* XCRemoteSwiftPackageReference "firebase-ios-sdk" */;
			productName = FirebaseRemoteConfig;
		};
		55F1100A2B3644A000A09650 /* FirebaseRemoteConfigSwift */ = {
			isa = XCSwiftPackageProductDependency;
			package = 55F10FD92B3644A000A09650 /* XCRemoteSwiftPackageReference "firebase-ios-sdk" */;
			productName = FirebaseRemoteConfigSwift;
		};
		55F1100C2B3644A000A09650 /* FirebaseStorage */ = {
			isa = XCSwiftPackageProductDependency;
			package = 55F10FD92B3644A000A09650 /* XCRemoteSwiftPackageReference "firebase-ios-sdk" */;
			productName = FirebaseStorage;
		};
		55F1100E2B3644A000A09650 /* FirebaseStorageCombine-Community */ = {
			isa = XCSwiftPackageProductDependency;
			package = 55F10FD92B3644A000A09650 /* XCRemoteSwiftPackageReference "firebase-ios-sdk" */;
			productName = "FirebaseStorageCombine-Community";
		};
/* End XCSwiftPackageProductDependency section */
	};
	rootObject = 5559BF492B35353800088ECF /* Project object */;
}
